// !$*UTF8*$!
{
	archiveVersion = 1;
	classes = {
	};
	objectVersion = 56;
	objects = {

/* Begin PBXBuildFile section */
		3B57EB43293C64AB005A54E5 /* MovieDBSwiftUIApp.swift in Sources */ = {isa = PBXBuildFile; fileRef = 3B57EB42293C64AB005A54E5 /* MovieDBSwiftUIApp.swift */; };
		3B57EB45293C64AB005A54E5 /* ContentView.swift in Sources */ = {isa = PBXBuildFile; fileRef = 3B57EB44293C64AB005A54E5 /* ContentView.swift */; };
		3B57EB47293C64B0005A54E5 /* Assets.xcassets in Resources */ = {isa = PBXBuildFile; fileRef = 3B57EB46293C64B0005A54E5 /* Assets.xcassets */; };
		3B57EB4A293C64B0005A54E5 /* Preview Assets.xcassets in Resources */ = {isa = PBXBuildFile; fileRef = 3B57EB49293C64B0005A54E5 /* Preview Assets.xcassets */; };
		3B57EB54293C64B0005A54E5 /* MovieDBSwiftUITests.swift in Sources */ = {isa = PBXBuildFile; fileRef = 3B57EB53293C64B0005A54E5 /* MovieDBSwiftUITests.swift */; };
		3B57EB5E293C64B0005A54E5 /* MovieDBSwiftUIUITests.swift in Sources */ = {isa = PBXBuildFile; fileRef = 3B57EB5D293C64B0005A54E5 /* MovieDBSwiftUIUITests.swift */; };
		3B57EB60293C64B0005A54E5 /* MovieDBSwiftUIUITestsLaunchTests.swift in Sources */ = {isa = PBXBuildFile; fileRef = 3B57EB5F293C64B0005A54E5 /* MovieDBSwiftUIUITestsLaunchTests.swift */; };
		3B57EB77293C66BB005A54E5 /* MovieDetails.json in Resources */ = {isa = PBXBuildFile; fileRef = 3B57EB75293C66BA005A54E5 /* MovieDetails.json */; };
		3B57EB78293C66BB005A54E5 /* Movies.json in Resources */ = {isa = PBXBuildFile; fileRef = 3B57EB76293C66BA005A54E5 /* Movies.json */; };
		3B57EB7A293C67B6005A54E5 /* IDataService.swift in Sources */ = {isa = PBXBuildFile; fileRef = 3B57EB79293C67B5005A54E5 /* IDataService.swift */; };
		3B57EB7D293C67C9005A54E5 /* RemoteService.swift in Sources */ = {isa = PBXBuildFile; fileRef = 3B57EB7B293C67C8005A54E5 /* RemoteService.swift */; };
		3B57EB7E293C67C9005A54E5 /* JSONFileService.swift in Sources */ = {isa = PBXBuildFile; fileRef = 3B57EB7C293C67C8005A54E5 /* JSONFileService.swift */; };
		3B57EB80293C6821005A54E5 /* Constants.swift in Sources */ = {isa = PBXBuildFile; fileRef = 3B57EB7F293C6821005A54E5 /* Constants.swift */; };
		3B57EB84293C6B81005A54E5 /* MovieDetail.swift in Sources */ = {isa = PBXBuildFile; fileRef = 3B57EB83293C6B81005A54E5 /* MovieDetail.swift */; };
		3B57EB862941ED70005A54E5 /* MovieDiscover.swift in Sources */ = {isa = PBXBuildFile; fileRef = 3B57EB852941ED70005A54E5 /* MovieDiscover.swift */; };
		3B57EB882942E6A4005A54E5 /* MovieDiscoverViewModel.swift in Sources */ = {isa = PBXBuildFile; fileRef = 3B57EB872942E6A3005A54E5 /* MovieDiscoverViewModel.swift */; };
		3B57EBC429505E8C005A54E5 /* MovieListItemView.swift in Sources */ = {isa = PBXBuildFile; fileRef = 3B57EBC329505E8C005A54E5 /* MovieListItemView.swift */; };
		3B57EBC629506637005A54E5 /* URL+Helpers.swift in Sources */ = {isa = PBXBuildFile; fileRef = 3B57EBC529506637005A54E5 /* URL+Helpers.swift */; };
		3B57EBC82952B498005A54E5 /* MovieDetailView.swift in Sources */ = {isa = PBXBuildFile; fileRef = 3B57EBC72952B498005A54E5 /* MovieDetailView.swift */; };
		3B57EBCA2952B8F2005A54E5 /* MovieDetailViewModel.swift in Sources */ = {isa = PBXBuildFile; fileRef = 3B57EBC92952B8F1005A54E5 /* MovieDetailViewModel.swift */; };
		3B57EBCC29543A14005A54E5 /* MovieDeatil_1.json in Resources */ = {isa = PBXBuildFile; fileRef = 3B57EBCB29543A14005A54E5 /* MovieDeatil_1.json */; };
/* End PBXBuildFile section */

/* Begin PBXContainerItemProxy section */
		3B57EB50293C64B0005A54E5 /* PBXContainerItemProxy */ = {
			isa = PBXContainerItemProxy;
			containerPortal = 3B57EB37293C64AB005A54E5 /* Project object */;
			proxyType = 1;
			remoteGlobalIDString = 3B57EB3E293C64AB005A54E5;
			remoteInfo = MovieDBSwiftUI;
		};
		3B57EB5A293C64B0005A54E5 /* PBXContainerItemProxy */ = {
			isa = PBXContainerItemProxy;
			containerPortal = 3B57EB37293C64AB005A54E5 /* Project object */;
			proxyType = 1;
			remoteGlobalIDString = 3B57EB3E293C64AB005A54E5;
			remoteInfo = MovieDBSwiftUI;
		};
/* End PBXContainerItemProxy section */

/* Begin PBXFileReference section */
		3B57EB3F293C64AB005A54E5 /* MovieDBSwiftUI.app */ = {isa = PBXFileReference; explicitFileType = wrapper.application; includeInIndex = 0; path = MovieDBSwiftUI.app; sourceTree = BUILT_PRODUCTS_DIR; };
		3B57EB42293C64AB005A54E5 /* MovieDBSwiftUIApp.swift */ = {isa = PBXFileReference; lastKnownFileType = sourcecode.swift; path = MovieDBSwiftUIApp.swift; sourceTree = "<group>"; };
		3B57EB44293C64AB005A54E5 /* ContentView.swift */ = {isa = PBXFileReference; lastKnownFileType = sourcecode.swift; path = ContentView.swift; sourceTree = "<group>"; };
		3B57EB46293C64B0005A54E5 /* Assets.xcassets */ = {isa = PBXFileReference; lastKnownFileType = folder.assetcatalog; path = Assets.xcassets; sourceTree = "<group>"; };
		3B57EB49293C64B0005A54E5 /* Preview Assets.xcassets */ = {isa = PBXFileReference; lastKnownFileType = folder.assetcatalog; path = "Preview Assets.xcassets"; sourceTree = "<group>"; };
		3B57EB4F293C64B0005A54E5 /* MovieDBSwiftUITests.xctest */ = {isa = PBXFileReference; explicitFileType = wrapper.cfbundle; includeInIndex = 0; path = MovieDBSwiftUITests.xctest; sourceTree = BUILT_PRODUCTS_DIR; };
		3B57EB53293C64B0005A54E5 /* MovieDBSwiftUITests.swift */ = {isa = PBXFileReference; lastKnownFileType = sourcecode.swift; path = MovieDBSwiftUITests.swift; sourceTree = "<group>"; };
		3B57EB59293C64B0005A54E5 /* MovieDBSwiftUIUITests.xctest */ = {isa = PBXFileReference; explicitFileType = wrapper.cfbundle; includeInIndex = 0; path = MovieDBSwiftUIUITests.xctest; sourceTree = BUILT_PRODUCTS_DIR; };
		3B57EB5D293C64B0005A54E5 /* MovieDBSwiftUIUITests.swift */ = {isa = PBXFileReference; lastKnownFileType = sourcecode.swift; path = MovieDBSwiftUIUITests.swift; sourceTree = "<group>"; };
		3B57EB5F293C64B0005A54E5 /* MovieDBSwiftUIUITestsLaunchTests.swift */ = {isa = PBXFileReference; lastKnownFileType = sourcecode.swift; path = MovieDBSwiftUIUITestsLaunchTests.swift; sourceTree = "<group>"; };
		3B57EB75293C66BA005A54E5 /* MovieDetails.json */ = {isa = PBXFileReference; fileEncoding = 4; lastKnownFileType = text.json; path = MovieDetails.json; sourceTree = "<group>"; };
		3B57EB76293C66BA005A54E5 /* Movies.json */ = {isa = PBXFileReference; fileEncoding = 4; lastKnownFileType = text.json; path = Movies.json; sourceTree = "<group>"; };
		3B57EB79293C67B5005A54E5 /* IDataService.swift */ = {isa = PBXFileReference; fileEncoding = 4; lastKnownFileType = sourcecode.swift; path = IDataService.swift; sourceTree = "<group>"; };
		3B57EB7B293C67C8005A54E5 /* RemoteService.swift */ = {isa = PBXFileReference; fileEncoding = 4; lastKnownFileType = sourcecode.swift; path = RemoteService.swift; sourceTree = "<group>"; };
		3B57EB7C293C67C8005A54E5 /* JSONFileService.swift */ = {isa = PBXFileReference; fileEncoding = 4; lastKnownFileType = sourcecode.swift; path = JSONFileService.swift; sourceTree = "<group>"; };
		3B57EB7F293C6821005A54E5 /* Constants.swift */ = {isa = PBXFileReference; fileEncoding = 4; lastKnownFileType = sourcecode.swift; path = Constants.swift; sourceTree = "<group>"; };
		3B57EB83293C6B81005A54E5 /* MovieDetail.swift */ = {isa = PBXFileReference; lastKnownFileType = sourcecode.swift; path = MovieDetail.swift; sourceTree = "<group>"; };
		3B57EB852941ED70005A54E5 /* MovieDiscover.swift */ = {isa = PBXFileReference; lastKnownFileType = sourcecode.swift; path = MovieDiscover.swift; sourceTree = "<group>"; };
		3B57EB872942E6A3005A54E5 /* MovieDiscoverViewModel.swift */ = {isa = PBXFileReference; lastKnownFileType = sourcecode.swift; path = MovieDiscoverViewModel.swift; sourceTree = "<group>"; };
		3B57EBC329505E8C005A54E5 /* MovieListItemView.swift */ = {isa = PBXFileReference; lastKnownFileType = sourcecode.swift; path = MovieListItemView.swift; sourceTree = "<group>"; };
		3B57EBC529506637005A54E5 /* URL+Helpers.swift */ = {isa = PBXFileReference; fileEncoding = 4; lastKnownFileType = sourcecode.swift; path = "URL+Helpers.swift"; sourceTree = "<group>"; };
		3B57EBC72952B498005A54E5 /* MovieDetailView.swift */ = {isa = PBXFileReference; lastKnownFileType = sourcecode.swift; path = MovieDetailView.swift; sourceTree = "<group>"; };
		3B57EBC92952B8F1005A54E5 /* MovieDetailViewModel.swift */ = {isa = PBXFileReference; lastKnownFileType = sourcecode.swift; path = MovieDetailViewModel.swift; sourceTree = "<group>"; };
		3B57EBCB29543A14005A54E5 /* MovieDeatil_1.json */ = {isa = PBXFileReference; lastKnownFileType = text.json; path = MovieDeatil_1.json; sourceTree = "<group>"; };
/* End PBXFileReference section */

/* Begin PBXFrameworksBuildPhase section */
		3B57EB3C293C64AB005A54E5 /* Frameworks */ = {
			isa = PBXFrameworksBuildPhase;
			buildActionMask = 2147483647;
			files = (
			);
			runOnlyForDeploymentPostprocessing = 0;
		};
		3B57EB4C293C64B0005A54E5 /* Frameworks */ = {
			isa = PBXFrameworksBuildPhase;
			buildActionMask = 2147483647;
			files = (
			);
			runOnlyForDeploymentPostprocessing = 0;
		};
		3B57EB56293C64B0005A54E5 /* Frameworks */ = {
			isa = PBXFrameworksBuildPhase;
			buildActionMask = 2147483647;
			files = (
			);
			runOnlyForDeploymentPostprocessing = 0;
		};
/* End PBXFrameworksBuildPhase section */

/* Begin PBXGroup section */
		3B57EB36293C64AB005A54E5 = {
			isa = PBXGroup;
			children = (
				3B57EB41293C64AB005A54E5 /* MovieDBSwiftUI */,
				3B57EB52293C64B0005A54E5 /* MovieDBSwiftUITests */,
				3B57EB5C293C64B0005A54E5 /* MovieDBSwiftUIUITests */,
				3B57EB40293C64AB005A54E5 /* Products */,
			);
			sourceTree = "<group>";
		};
		3B57EB40293C64AB005A54E5 /* Products */ = {
			isa = PBXGroup;
			children = (
				3B57EB3F293C64AB005A54E5 /* MovieDBSwiftUI.app */,
				3B57EB4F293C64B0005A54E5 /* MovieDBSwiftUITests.xctest */,
				3B57EB59293C64B0005A54E5 /* MovieDBSwiftUIUITests.xctest */,
			);
			name = Products;
			sourceTree = "<group>";
		};
		3B57EB41293C64AB005A54E5 /* MovieDBSwiftUI */ = {
			isa = PBXGroup;
			children = (
				3B57EB74293C6680005A54E5 /* DataManagement */,
				3B57EB73293C6668005A54E5 /* Extension */,
				3B57EB72293C663E005A54E5 /* Utility */,
				3B57EB70293C65DA005A54E5 /* Models */,
				3B57EB6F293C65AB005A54E5 /* View */,
				3B57EB6E293C659B005A54E5 /* ViewModel */,
				3B57EB6C293C64F7005A54E5 /* FakeData */,
				3B57EB42293C64AB005A54E5 /* MovieDBSwiftUIApp.swift */,
				3B57EB44293C64AB005A54E5 /* ContentView.swift */,
				3B57EB46293C64B0005A54E5 /* Assets.xcassets */,
				3B57EB48293C64B0005A54E5 /* Preview Content */,
			);
			path = MovieDBSwiftUI;
			sourceTree = "<group>";
		};
		3B57EB48293C64B0005A54E5 /* Preview Content */ = {
			isa = PBXGroup;
			children = (
				3B57EB49293C64B0005A54E5 /* Preview Assets.xcassets */,
			);
			path = "Preview Content";
			sourceTree = "<group>";
		};
		3B57EB52293C64B0005A54E5 /* MovieDBSwiftUITests */ = {
			isa = PBXGroup;
			children = (
				3B57EB53293C64B0005A54E5 /* MovieDBSwiftUITests.swift */,
			);
			path = MovieDBSwiftUITests;
			sourceTree = "<group>";
		};
		3B57EB5C293C64B0005A54E5 /* MovieDBSwiftUIUITests */ = {
			isa = PBXGroup;
			children = (
				3B57EB5D293C64B0005A54E5 /* MovieDBSwiftUIUITests.swift */,
				3B57EB5F293C64B0005A54E5 /* MovieDBSwiftUIUITestsLaunchTests.swift */,
			);
			path = MovieDBSwiftUIUITests;
			sourceTree = "<group>";
		};
		3B57EB6C293C64F7005A54E5 /* FakeData */ = {
			isa = PBXGroup;
			children = (
				3B57EB75293C66BA005A54E5 /* MovieDetails.json */,
				3B57EBCB29543A14005A54E5 /* MovieDeatil_1.json */,
				3B57EB76293C66BA005A54E5 /* Movies.json */,
			);
			path = FakeData;
			sourceTree = "<group>";
		};
		3B57EB6E293C659B005A54E5 /* ViewModel */ = {
			isa = PBXGroup;
			children = (
				3B57EB872942E6A3005A54E5 /* MovieDiscoverViewModel.swift */,
				3B57EBC92952B8F1005A54E5 /* MovieDetailViewModel.swift */,
			);
			path = ViewModel;
			sourceTree = "<group>";
		};
		3B57EB6F293C65AB005A54E5 /* View */ = {
			isa = PBXGroup;
			children = (
				3B57EBC329505E8C005A54E5 /* MovieListItemView.swift */,
				3B57EBC72952B498005A54E5 /* MovieDetailView.swift */,
			);
			path = View;
			sourceTree = "<group>";
		};
		3B57EB70293C65DA005A54E5 /* Models */ = {
			isa = PBXGroup;
			children = (
				3B57EB83293C6B81005A54E5 /* MovieDetail.swift */,
				3B57EB852941ED70005A54E5 /* MovieDiscover.swift */,
			);
			path = Models;
			sourceTree = "<group>";
		};
		3B57EB72293C663E005A54E5 /* Utility */ = {
			isa = PBXGroup;
			children = (
				3B57EB7F293C6821005A54E5 /* Constants.swift */,
			);
			path = Utility;
			sourceTree = "<group>";
		};
		3B57EB73293C6668005A54E5 /* Extension */ = {
			isa = PBXGroup;
			children = (
				3B57EBC529506637005A54E5 /* URL+Helpers.swift */,
			);
			path = Extension;
			sourceTree = "<group>";
		};
		3B57EB74293C6680005A54E5 /* DataManagement */ = {
			isa = PBXGroup;
			children = (
				3B57EB79293C67B5005A54E5 /* IDataService.swift */,
				3B57EB7C293C67C8005A54E5 /* JSONFileService.swift */,
				3B57EB7B293C67C8005A54E5 /* RemoteService.swift */,
			);
			path = DataManagement;
			sourceTree = "<group>";
		};
/* End PBXGroup section */

/* Begin PBXNativeTarget section */
		3B57EB3E293C64AB005A54E5 /* MovieDBSwiftUI */ = {
			isa = PBXNativeTarget;
			buildConfigurationList = 3B57EB63293C64B0005A54E5 /* Build configuration list for PBXNativeTarget "MovieDBSwiftUI" */;
			buildPhases = (
				3B57EB3B293C64AB005A54E5 /* Sources */,
				3B57EB3C293C64AB005A54E5 /* Frameworks */,
				3B57EB3D293C64AB005A54E5 /* Resources */,
			);
			buildRules = (
			);
			dependencies = (
			);
			name = MovieDBSwiftUI;
			productName = MovieDBSwiftUI;
			productReference = 3B57EB3F293C64AB005A54E5 /* MovieDBSwiftUI.app */;
			productType = "com.apple.product-type.application";
		};
		3B57EB4E293C64B0005A54E5 /* MovieDBSwiftUITests */ = {
			isa = PBXNativeTarget;
			buildConfigurationList = 3B57EB66293C64B0005A54E5 /* Build configuration list for PBXNativeTarget "MovieDBSwiftUITests" */;
			buildPhases = (
				3B57EB4B293C64B0005A54E5 /* Sources */,
				3B57EB4C293C64B0005A54E5 /* Frameworks */,
				3B57EB4D293C64B0005A54E5 /* Resources */,
			);
			buildRules = (
			);
			dependencies = (
				3B57EB51293C64B0005A54E5 /* PBXTargetDependency */,
			);
			name = MovieDBSwiftUITests;
			productName = MovieDBSwiftUITests;
			productReference = 3B57EB4F293C64B0005A54E5 /* MovieDBSwiftUITests.xctest */;
			productType = "com.apple.product-type.bundle.unit-test";
		};
		3B57EB58293C64B0005A54E5 /* MovieDBSwiftUIUITests */ = {
			isa = PBXNativeTarget;
			buildConfigurationList = 3B57EB69293C64B0005A54E5 /* Build configuration list for PBXNativeTarget "MovieDBSwiftUIUITests" */;
			buildPhases = (
				3B57EB55293C64B0005A54E5 /* Sources */,
				3B57EB56293C64B0005A54E5 /* Frameworks */,
				3B57EB57293C64B0005A54E5 /* Resources */,
			);
			buildRules = (
			);
			dependencies = (
				3B57EB5B293C64B0005A54E5 /* PBXTargetDependency */,
			);
			name = MovieDBSwiftUIUITests;
			productName = MovieDBSwiftUIUITests;
			productReference = 3B57EB59293C64B0005A54E5 /* MovieDBSwiftUIUITests.xctest */;
			productType = "com.apple.product-type.bundle.ui-testing";
		};
/* End PBXNativeTarget section */

/* Begin PBXProject section */
		3B57EB37293C64AB005A54E5 /* Project object */ = {
			isa = PBXProject;
			attributes = {
				BuildIndependentTargetsInParallel = 1;
				LastSwiftUpdateCheck = 1410;
				LastUpgradeCheck = 1410;
				TargetAttributes = {
					3B57EB3E293C64AB005A54E5 = {
						CreatedOnToolsVersion = 14.1;
					};
					3B57EB4E293C64B0005A54E5 = {
						CreatedOnToolsVersion = 14.1;
						TestTargetID = 3B57EB3E293C64AB005A54E5;
					};
					3B57EB58293C64B0005A54E5 = {
						CreatedOnToolsVersion = 14.1;
						TestTargetID = 3B57EB3E293C64AB005A54E5;
					};
				};
			};
			buildConfigurationList = 3B57EB3A293C64AB005A54E5 /* Build configuration list for PBXProject "MovieDBSwiftUI" */;
			compatibilityVersion = "Xcode 14.0";
			developmentRegion = en;
			hasScannedForEncodings = 0;
			knownRegions = (
				en,
				Base,
			);
			mainGroup = 3B57EB36293C64AB005A54E5;
			productRefGroup = 3B57EB40293C64AB005A54E5 /* Products */;
			projectDirPath = "";
			projectRoot = "";
			targets = (
				3B57EB3E293C64AB005A54E5 /* MovieDBSwiftUI */,
				3B57EB4E293C64B0005A54E5 /* MovieDBSwiftUITests */,
				3B57EB58293C64B0005A54E5 /* MovieDBSwiftUIUITests */,
			);
		};
/* End PBXProject section */

/* Begin PBXResourcesBuildPhase section */
		3B57EB3D293C64AB005A54E5 /* Resources */ = {
			isa = PBXResourcesBuildPhase;
			buildActionMask = 2147483647;
			files = (
				3B57EB77293C66BB005A54E5 /* MovieDetails.json in Resources */,
				3B57EB4A293C64B0005A54E5 /* Preview Assets.xcassets in Resources */,
				3B57EB78293C66BB005A54E5 /* Movies.json in Resources */,
				3B57EB47293C64B0005A54E5 /* Assets.xcassets in Resources */,
				3B57EBCC29543A14005A54E5 /* MovieDeatil_1.json in Resources */,
			);
			runOnlyForDeploymentPostprocessing = 0;
		};
		3B57EB4D293C64B0005A54E5 /* Resources */ = {
			isa = PBXResourcesBuildPhase;
			buildActionMask = 2147483647;
			files = (
			);
			runOnlyForDeploymentPostprocessing = 0;
		};
		3B57EB57293C64B0005A54E5 /* Resources */ = {
			isa = PBXResourcesBuildPhase;
			buildActionMask = 2147483647;
			files = (
			);
			runOnlyForDeploymentPostprocessing = 0;
		};
/* End PBXResourcesBuildPhase section */

/* Begin PBXSourcesBuildPhase section */
		3B57EB3B293C64AB005A54E5 /* Sources */ = {
			isa = PBXSourcesBuildPhase;
			buildActionMask = 2147483647;
			files = (
				3B57EBC429505E8C005A54E5 /* MovieListItemView.swift in Sources */,
				3B57EB7E293C67C9005A54E5 /* JSONFileService.swift in Sources */,
				3B57EB45293C64AB005A54E5 /* ContentView.swift in Sources */,
				3B57EB84293C6B81005A54E5 /* MovieDetail.swift in Sources */,
				3B57EB43293C64AB005A54E5 /* MovieDBSwiftUIApp.swift in Sources */,
				3B57EBCA2952B8F2005A54E5 /* MovieDetailViewModel.swift in Sources */,
				3B57EB882942E6A4005A54E5 /* MovieDiscoverViewModel.swift in Sources */,
				3B57EBC82952B498005A54E5 /* MovieDetailView.swift in Sources */,
				3B57EB7A293C67B6005A54E5 /* IDataService.swift in Sources */,
				3B57EB862941ED70005A54E5 /* MovieDiscover.swift in Sources */,
				3B57EBC629506637005A54E5 /* URL+Helpers.swift in Sources */,
				3B57EB7D293C67C9005A54E5 /* RemoteService.swift in Sources */,
				3B57EB80293C6821005A54E5 /* Constants.swift in Sources */,
			);
			runOnlyForDeploymentPostprocessing = 0;
		};
		3B57EB4B293C64B0005A54E5 /* Sources */ = {
			isa = PBXSourcesBuildPhase;
			buildActionMask = 2147483647;
			files = (
				3B57EB54293C64B0005A54E5 /* MovieDBSwiftUITests.swift in Sources */,
			);
			runOnlyForDeploymentPostprocessing = 0;
		};
		3B57EB55293C64B0005A54E5 /* Sources */ = {
			isa = PBXSourcesBuildPhase;
			buildActionMask = 2147483647;
			files = (
				3B57EB5E293C64B0005A54E5 /* MovieDBSwiftUIUITests.swift in Sources */,
				3B57EB60293C64B0005A54E5 /* MovieDBSwiftUIUITestsLaunchTests.swift in Sources */,
			);
			runOnlyForDeploymentPostprocessing = 0;
		};
/* End PBXSourcesBuildPhase section */

/* Begin PBXTargetDependency section */
		3B57EB51293C64B0005A54E5 /* PBXTargetDependency */ = {
			isa = PBXTargetDependency;
			target = 3B57EB3E293C64AB005A54E5 /* MovieDBSwiftUI */;
			targetProxy = 3B57EB50293C64B0005A54E5 /* PBXContainerItemProxy */;
		};
		3B57EB5B293C64B0005A54E5 /* PBXTargetDependency */ = {
			isa = PBXTargetDependency;
			target = 3B57EB3E293C64AB005A54E5 /* MovieDBSwiftUI */;
			targetProxy = 3B57EB5A293C64B0005A54E5 /* PBXContainerItemProxy */;
		};
/* End PBXTargetDependency section */

/* Begin XCBuildConfiguration section */
		3B57EB61293C64B0005A54E5 /* Debug */ = {
			isa = XCBuildConfiguration;
			buildSettings = {
				ALWAYS_SEARCH_USER_PATHS = NO;
				CLANG_ANALYZER_NONNULL = YES;
				CLANG_ANALYZER_NUMBER_OBJECT_CONVERSION = YES_AGGRESSIVE;
				CLANG_CXX_LANGUAGE_STANDARD = "gnu++20";
				CLANG_ENABLE_MODULES = YES;
				CLANG_ENABLE_OBJC_ARC = YES;
				CLANG_ENABLE_OBJC_WEAK = YES;
				CLANG_WARN_BLOCK_CAPTURE_AUTORELEASING = YES;
				CLANG_WARN_BOOL_CONVERSION = YES;
				CLANG_WARN_COMMA = YES;
				CLANG_WARN_CONSTANT_CONVERSION = YES;
				CLANG_WARN_DEPRECATED_OBJC_IMPLEMENTATIONS = YES;
				CLANG_WARN_DIRECT_OBJC_ISA_USAGE = YES_ERROR;
				CLANG_WARN_DOCUMENTATION_COMMENTS = YES;
				CLANG_WARN_EMPTY_BODY = YES;
				CLANG_WARN_ENUM_CONVERSION = YES;
				CLANG_WARN_INFINITE_RECURSION = YES;
				CLANG_WARN_INT_CONVERSION = YES;
				CLANG_WARN_NON_LITERAL_NULL_CONVERSION = YES;
				CLANG_WARN_OBJC_IMPLICIT_RETAIN_SELF = YES;
				CLANG_WARN_OBJC_LITERAL_CONVERSION = YES;
				CLANG_WARN_OBJC_ROOT_CLASS = YES_ERROR;
				CLANG_WARN_QUOTED_INCLUDE_IN_FRAMEWORK_HEADER = YES;
				CLANG_WARN_RANGE_LOOP_ANALYSIS = YES;
				CLANG_WARN_STRICT_PROTOTYPES = YES;
				CLANG_WARN_SUSPICIOUS_MOVE = YES;
				CLANG_WARN_UNGUARDED_AVAILABILITY = YES_AGGRESSIVE;
				CLANG_WARN_UNREACHABLE_CODE = YES;
				CLANG_WARN__DUPLICATE_METHOD_MATCH = YES;
				COPY_PHASE_STRIP = NO;
				DEBUG_INFORMATION_FORMAT = dwarf;
				ENABLE_STRICT_OBJC_MSGSEND = YES;
				ENABLE_TESTABILITY = YES;
				GCC_C_LANGUAGE_STANDARD = gnu11;
				GCC_DYNAMIC_NO_PIC = NO;
				GCC_NO_COMMON_BLOCKS = YES;
				GCC_OPTIMIZATION_LEVEL = 0;
				GCC_PREPROCESSOR_DEFINITIONS = (
					"DEBUG=1",
					"$(inherited)",
				);
				GCC_WARN_64_TO_32_BIT_CONVERSION = YES;
				GCC_WARN_ABOUT_RETURN_TYPE = YES_ERROR;
				GCC_WARN_UNDECLARED_SELECTOR = YES;
				GCC_WARN_UNINITIALIZED_AUTOS = YES_AGGRESSIVE;
				GCC_WARN_UNUSED_FUNCTION = YES;
				GCC_WARN_UNUSED_VARIABLE = YES;
				IPHONEOS_DEPLOYMENT_TARGET = 16.1;
				MTL_ENABLE_DEBUG_INFO = INCLUDE_SOURCE;
				MTL_FAST_MATH = YES;
				ONLY_ACTIVE_ARCH = YES;
				SDKROOT = iphoneos;
				SWIFT_ACTIVE_COMPILATION_CONDITIONS = DEBUG;
				SWIFT_OPTIMIZATION_LEVEL = "-Onone";
			};
			name = Debug;
		};
		3B57EB62293C64B0005A54E5 /* Release */ = {
			isa = XCBuildConfiguration;
			buildSettings = {
				ALWAYS_SEARCH_USER_PATHS = NO;
				CLANG_ANALYZER_NONNULL = YES;
				CLANG_ANALYZER_NUMBER_OBJECT_CONVERSION = YES_AGGRESSIVE;
				CLANG_CXX_LANGUAGE_STANDARD = "gnu++20";
				CLANG_ENABLE_MODULES = YES;
				CLANG_ENABLE_OBJC_ARC = YES;
				CLANG_ENABLE_OBJC_WEAK = YES;
				CLANG_WARN_BLOCK_CAPTURE_AUTORELEASING = YES;
				CLANG_WARN_BOOL_CONVERSION = YES;
				CLANG_WARN_COMMA = YES;
				CLANG_WARN_CONSTANT_CONVERSION = YES;
				CLANG_WARN_DEPRECATED_OBJC_IMPLEMENTATIONS = YES;
				CLANG_WARN_DIRECT_OBJC_ISA_USAGE = YES_ERROR;
				CLANG_WARN_DOCUMENTATION_COMMENTS = YES;
				CLANG_WARN_EMPTY_BODY = YES;
				CLANG_WARN_ENUM_CONVERSION = YES;
				CLANG_WARN_INFINITE_RECURSION = YES;
				CLANG_WARN_INT_CONVERSION = YES;
				CLANG_WARN_NON_LITERAL_NULL_CONVERSION = YES;
				CLANG_WARN_OBJC_IMPLICIT_RETAIN_SELF = YES;
				CLANG_WARN_OBJC_LITERAL_CONVERSION = YES;
				CLANG_WARN_OBJC_ROOT_CLASS = YES_ERROR;
				CLANG_WARN_QUOTED_INCLUDE_IN_FRAMEWORK_HEADER = YES;
				CLANG_WARN_RANGE_LOOP_ANALYSIS = YES;
				CLANG_WARN_STRICT_PROTOTYPES = YES;
				CLANG_WARN_SUSPICIOUS_MOVE = YES;
				CLANG_WARN_UNGUARDED_AVAILABILITY = YES_AGGRESSIVE;
				CLANG_WARN_UNREACHABLE_CODE = YES;
				CLANG_WARN__DUPLICATE_METHOD_MATCH = YES;
				COPY_PHASE_STRIP = NO;
				DEBUG_INFORMATION_FORMAT = "dwarf-with-dsym";
				ENABLE_NS_ASSERTIONS = NO;
				ENABLE_STRICT_OBJC_MSGSEND = YES;
				GCC_C_LANGUAGE_STANDARD = gnu11;
				GCC_NO_COMMON_BLOCKS = YES;
				GCC_WARN_64_TO_32_BIT_CONVERSION = YES;
				GCC_WARN_ABOUT_RETURN_TYPE = YES_ERROR;
				GCC_WARN_UNDECLARED_SELECTOR = YES;
				GCC_WARN_UNINITIALIZED_AUTOS = YES_AGGRESSIVE;
				GCC_WARN_UNUSED_FUNCTION = YES;
				GCC_WARN_UNUSED_VARIABLE = YES;
				IPHONEOS_DEPLOYMENT_TARGET = 16.1;
				MTL_ENABLE_DEBUG_INFO = NO;
				MTL_FAST_MATH = YES;
				SDKROOT = iphoneos;
				SWIFT_COMPILATION_MODE = wholemodule;
				SWIFT_OPTIMIZATION_LEVEL = "-O";
				VALIDATE_PRODUCT = YES;
			};
			name = Release;
		};
		3B57EB64293C64B0005A54E5 /* Debug */ = {
			isa = XCBuildConfiguration;
			buildSettings = {
				ASSETCATALOG_COMPILER_APPICON_NAME = AppIcon;
				ASSETCATALOG_COMPILER_GLOBAL_ACCENT_COLOR_NAME = AccentColor;
				CODE_SIGN_STYLE = Automatic;
				CURRENT_PROJECT_VERSION = 1;
				DEVELOPMENT_ASSET_PATHS = "\"MovieDBSwiftUI/Preview Content\"";
				DEVELOPMENT_TEAM = 3TG2PDEDNA;
				ENABLE_PREVIEWS = YES;
				GENERATE_INFOPLIST_FILE = YES;
				INFOPLIST_KEY_UIApplicationSceneManifest_Generation = YES;
				INFOPLIST_KEY_UIApplicationSupportsIndirectInputEvents = YES;
				INFOPLIST_KEY_UILaunchScreen_Generation = YES;
				INFOPLIST_KEY_UISupportedInterfaceOrientations_iPad = "UIInterfaceOrientationPortrait UIInterfaceOrientationPortraitUpsideDown UIInterfaceOrientationLandscapeLeft UIInterfaceOrientationLandscapeRight";
				INFOPLIST_KEY_UISupportedInterfaceOrientations_iPhone = "UIInterfaceOrientationPortrait UIInterfaceOrientationLandscapeLeft UIInterfaceOrientationLandscapeRight";
				LD_RUNPATH_SEARCH_PATHS = (
					"$(inherited)",
					"@executable_path/Frameworks",
				);
				MARKETING_VERSION = 1.0;
				PRODUCT_BUNDLE_IDENTIFIER = com.eaiccc.MovieDBSwiftUI;
				PRODUCT_NAME = "$(TARGET_NAME)";
				SWIFT_EMIT_LOC_STRINGS = YES;
				SWIFT_VERSION = 5.0;
				TARGETED_DEVICE_FAMILY = "1,2";
			};
			name = Debug;
		};
		3B57EB65293C64B0005A54E5 /* Release */ = {
			isa = XCBuildConfiguration;
			buildSettings = {
				ASSETCATALOG_COMPILER_APPICON_NAME = AppIcon;
				ASSETCATALOG_COMPILER_GLOBAL_ACCENT_COLOR_NAME = AccentColor;
				CODE_SIGN_STYLE = Automatic;
				CURRENT_PROJECT_VERSION = 1;
				DEVELOPMENT_ASSET_PATHS = "\"MovieDBSwiftUI/Preview Content\"";
				DEVELOPMENT_TEAM = 3TG2PDEDNA;
				ENABLE_PREVIEWS = YES;
				GENERATE_INFOPLIST_FILE = YES;
				INFOPLIST_KEY_UIApplicationSceneManifest_Generation = YES;
				INFOPLIST_KEY_UIApplicationSupportsIndirectInputEvents = YES;
				INFOPLIST_KEY_UILaunchScreen_Generation = YES;
				INFOPLIST_KEY_UISupportedInterfaceOrientations_iPad = "UIInterfaceOrientationPortrait UIInterfaceOrientationPortraitUpsideDown UIInterfaceOrientationLandscapeLeft UIInterfaceOrientationLandscapeRight";
				INFOPLIST_KEY_UISupportedInterfaceOrientations_iPhone = "UIInterfaceOrientationPortrait UIInterfaceOrientationLandscapeLeft UIInterfaceOrientationLandscapeRight";
				LD_RUNPATH_SEARCH_PATHS = (
					"$(inherited)",
					"@executable_path/Frameworks",
				);
				MARKETING_VERSION = 1.0;
				PRODUCT_BUNDLE_IDENTIFIER = com.eaiccc.MovieDBSwiftUI;
				PRODUCT_NAME = "$(TARGET_NAME)";
				SWIFT_EMIT_LOC_STRINGS = YES;
				SWIFT_VERSION = 5.0;
				TARGETED_DEVICE_FAMILY = "1,2";
			};
			name = Release;
		};
		3B57EB67293C64B0005A54E5 /* Debug */ = {
			isa = XCBuildConfiguration;
			buildSettings = {
				ALWAYS_EMBED_SWIFT_STANDARD_LIBRARIES = YES;
				BUNDLE_LOADER = "$(TEST_HOST)";
				CODE_SIGN_STYLE = Automatic;
				CURRENT_PROJECT_VERSION = 1;
				DEVELOPMENT_TEAM = 3TG2PDEDNA;
				GENERATE_INFOPLIST_FILE = YES;
				IPHONEOS_DEPLOYMENT_TARGET = 16.1;
				MARKETING_VERSION = 1.0;
				PRODUCT_BUNDLE_IDENTIFIER = com.eaiccc.MovieDBSwiftUITests;
				PRODUCT_NAME = "$(TARGET_NAME)";
				SWIFT_EMIT_LOC_STRINGS = NO;
				SWIFT_VERSION = 5.0;
				TARGETED_DEVICE_FAMILY = "1,2";
				TEST_HOST = "$(BUILT_PRODUCTS_DIR)/MovieDBSwiftUI.app/$(BUNDLE_EXECUTABLE_FOLDER_PATH)/MovieDBSwiftUI";
			};
			name = Debug;
		};
		3B57EB68293C64B0005A54E5 /* Release */ = {
			isa = XCBuildConfiguration;
			buildSettings = {
				ALWAYS_EMBED_SWIFT_STANDARD_LIBRARIES = YES;
				BUNDLE_LOADER = "$(TEST_HOST)";
				CODE_SIGN_STYLE = Automatic;
				CURRENT_PROJECT_VERSION = 1;
				DEVELOPMENT_TEAM = 3TG2PDEDNA;
				GENERATE_INFOPLIST_FILE = YES;
				IPHONEOS_DEPLOYMENT_TARGET = 16.1;
				MARKETING_VERSION = 1.0;
				PRODUCT_BUNDLE_IDENTIFIER = com.eaiccc.MovieDBSwiftUITests;
				PRODUCT_NAME = "$(TARGET_NAME)";
				SWIFT_EMIT_LOC_STRINGS = NO;
				SWIFT_VERSION = 5.0;
				TARGETED_DEVICE_FAMILY = "1,2";
				TEST_HOST = "$(BUILT_PRODUCTS_DIR)/MovieDBSwiftUI.app/$(BUNDLE_EXECUTABLE_FOLDER_PATH)/MovieDBSwiftUI";
			};
			name = Release;
		};
		3B57EB6A293C64B0005A54E5 /* Debug */ = {
			isa = XCBuildConfiguration;
			buildSettings = {
				ALWAYS_EMBED_SWIFT_STANDARD_LIBRARIES = YES;
				CODE_SIGN_STYLE = Automatic;
				CURRENT_PROJECT_VERSION = 1;
				DEVELOPMENT_TEAM = 3TG2PDEDNA;
				GENERATE_INFOPLIST_FILE = YES;
				MARKETING_VERSION = 1.0;
				PRODUCT_BUNDLE_IDENTIFIER = com.eaiccc.MovieDBSwiftUIUITests;
				PRODUCT_NAME = "$(TARGET_NAME)";
				SWIFT_EMIT_LOC_STRINGS = NO;
				SWIFT_VERSION = 5.0;
				TARGETED_DEVICE_FAMILY = "1,2";
				TEST_TARGET_NAME = MovieDBSwiftUI;
			};
			name = Debug;
		};
		3B57EB6B293C64B0005A54E5 /* Release */ = {
			isa = XCBuildConfiguration;
			buildSettings = {
				ALWAYS_EMBED_SWIFT_STANDARD_LIBRARIES = YES;
				CODE_SIGN_STYLE = Automatic;
				CURRENT_PROJECT_VERSION = 1;
				DEVELOPMENT_TEAM = 3TG2PDEDNA;
				GENERATE_INFOPLIST_FILE = YES;
				MARKETING_VERSION = 1.0;
				PRODUCT_BUNDLE_IDENTIFIER = com.eaiccc.MovieDBSwiftUIUITests;
				PRODUCT_NAME = "$(TARGET_NAME)";
				SWIFT_EMIT_LOC_STRINGS = NO;
				SWIFT_VERSION = 5.0;
				TARGETED_DEVICE_FAMILY = "1,2";
				TEST_TARGET_NAME = MovieDBSwiftUI;
			};
			name = Release;
		};
/* End XCBuildConfiguration section */

/* Begin XCConfigurationList section */
		3B57EB3A293C64AB005A54E5 /* Build configuration list for PBXProject "MovieDBSwiftUI" */ = {
			isa = XCConfigurationList;
			buildConfigurations = (
				3B57EB61293C64B0005A54E5 /* Debug */,
				3B57EB62293C64B0005A54E5 /* Release */,
			);
			defaultConfigurationIsVisible = 0;
			defaultConfigurationName = Release;
		};
		3B57EB63293C64B0005A54E5 /* Build configuration list for PBXNativeTarget "MovieDBSwiftUI" */ = {
			isa = XCConfigurationList;
			buildConfigurations = (
				3B57EB64293C64B0005A54E5 /* Debug */,
				3B57EB65293C64B0005A54E5 /* Release */,
			);
			defaultConfigurationIsVisible = 0;
			defaultConfigurationName = Release;
		};
		3B57EB66293C64B0005A54E5 /* Build configuration list for PBXNativeTarget "MovieDBSwiftUITests" */ = {
			isa = XCConfigurationList;
			buildConfigurations = (
				3B57EB67293C64B0005A54E5 /* Debug */,
				3B57EB68293C64B0005A54E5 /* Release */,
			);
			defaultConfigurationIsVisible = 0;
			defaultConfigurationName = Release;
		};
		3B57EB69293C64B0005A54E5 /* Build configuration list for PBXNativeTarget "MovieDBSwiftUIUITests" */ = {
			isa = XCConfigurationList;
			buildConfigurations = (
				3B57EB6A293C64B0005A54E5 /* Debug */,
				3B57EB6B293C64B0005A54E5 /* Release */,
			);
			defaultConfigurationIsVisible = 0;
			defaultConfigurationName = Release;
		};
/* End XCConfigurationList section */
	};
	rootObject = 3B57EB37293C64AB005A54E5 /* Project object */;
}
